{
  "name": "javascript_stopwatch_es5",
  "version": "1.0.0",
  "lockfileVersion": 1,
  "requires": true,
  "dependencies": {
    "eslint-config-airbnb-es5": {
      "version": "1.2.0",
      "resolved": "https://registry.npmjs.org/eslint-config-airbnb-es5/-/eslint-config-airbnb-es5-1.2.0.tgz",
      "integrity": "sha512-MaOKwNpqNZIRy+3augFj5vGHJ4F1sskPjJ/Od7K3N8Vv+8pD6t73XCL18KrHrF1m58qFxPBDl1US6bswE65IbQ==",
      "dev": true,
      "requires": {
        "strip-json-comments": "1.0.2"
      }
    },
    "strip-json-comments": {
      "version": "1.0.2",
      "resolved": "https://registry.npmjs.org/strip-json-comments/-/strip-json-comments-1.0.2.tgz",
      "integrity": "sha1-WkirlgI9usG3uND/q/b2PxZ3vp8=",
      "dev": true
    }
  }
}
